
Microsoft Visual Studio Solution File, Format Version 12.00
# Visual Studio Version 16
VisualStudioVersion = 16.0.30330.147
MinimumVisualStudioVersion = 10.0.40219.1
Project("{9A19103F-16F7-4668-BE54-9A1E7A4F7556}") = "WebBigBlog", "WebBigBlog\WebBigBlog.csproj", "{4837F202-2EC2-403B-A5A2-093124615F06}"
EndProject
Global
	GlobalSection(SolutionConfigurationPlatforms) = preSolution
		Debug|Any CPU = Debug|Any CPU
		Release|Any CPU = Release|Any CPU
	EndGlobalSection
	GlobalSection(ProjectConfigurationPlatforms) = postSolution
		{4837F202-2EC2-403B-A5A2-093124615F06}.Debug|Any CPU.ActiveCfg = Debug|Any CPU
		{4837F202-2EC2-403B-A5A2-093124615F06}.Debug|Any CPU.Build.0 = Debug|Any CPU
		{4837F202-2EC2-403B-A5A2-093124615F06}.Release|Any CPU.ActiveCfg = Release|Any CPU
		{4837F202-2EC2-403B-A5A2-093124615F06}.Release|Any CPU.Build.0 = Release|Any CPU
	EndGlobalSection
	GlobalSection(SolutionProperties) = preSolution
		HideSolutionNode = FALSE
	EndGlobalSection
	GlobalSection(ExtensibilityGlobals) = postSolution
		SolutionGuid = {0C7EBBD7-BDBF-4B41-8DE3-B454276C432D}
	EndGlobalSection
EndGlobal
